# This file is autogenerated, do not edit; changes may be undone by the next 'dep ensure'.


[[projects]]
  digest = "1:fd0a0705475581c7eb965259d417706cb49f42bde408502c3b53f139b7253d67"
  name = "github.com/golang/protobuf"
  packages = [
    "jsonpb",
    "proto",
    "protoc-gen-go/descriptor",
    "ptypes",
    "ptypes/any",
    "ptypes/duration",
    "ptypes/empty",
    "ptypes/struct",
    "ptypes/timestamp",
    "ptypes/wrappers",
  ]
  pruneopts = "UT"
  revision = "b5d812f8a3706043e23a9cd5babf2e5423744d30"
  version = "v1.3.1"

[[projects]]
  digest = "1:7c67630dfc1f426a14950ea9858fcce0c2510d56887e2962d6cd38494cd621e6"
  name = "github.com/jhump/protoreflect"
  packages = [
    "desc",
    "desc/internal",
    "dynamic",
    "dynamic/grpcdynamic",
    "grpcreflect",
    "internal",
  ]
  pruneopts = "UT"
  revision = "8bfeffd6b414f964a56d8a0118b5f80906a59def"
  version = "v1.2.0"

[[projects]]
  digest = "1:edbef42561faa44c19129b68d1e109fbc1647f63239250391eadc8d0e7c9f669"
  name = "github.com/kelseyhightower/envconfig"
  packages = ["."]
  pruneopts = "UT"
  revision = "f611eb38b3875cc3bd991ca91c51d06446afa14c"
  version = "v1.3.0"

[[projects]]
  digest = "1:e655fcbb81e8197b14a84e63be2c8ad43a428c01218134313831e5c91892b5f7"
  name = "github.com/mercari/grpc-http-proxy"
  packages = [
    "errors",
    "metadata",
    "proxy/proxytest",
    "proxy/reflection",
  ]
  pruneopts = "UT"
  revision = "d931d73a173aff0da698a1a4d8e4176fb6687d43"
  version = "v0.1.2"

[[projects]]
  digest = "1:cf31692c14422fa27c83a05292eb5cbe0fb2775972e8f1f8446a71549bd8980b"
  name = "github.com/pkg/errors"
  packages = ["."]
  pruneopts = "UT"
  revision = "ba968bfe8b2f7e042a574c888954fccecfa385b4"
  version = "v0.8.1"

[[projects]]
  digest = "1:777e729b475d3895c7229552aa10076f0d177daf37c0a72258006d046d329960"
  name = "go.uber.org/atomic"
  packages = ["."]
  pruneopts = "UT"
  revision = "4e336646b2ef9fc6e47be8e21594178f98e5ebcf"
  version = "v1.2.0"

[[projects]]
  digest = "1:60bf2a5e347af463c42ed31a493d817f8a72f102543060ed992754e689805d1a"
  name = "go.uber.org/multierr"
  packages = ["."]
  pruneopts = "UT"
  revision = "3c4937480c32f4c13a875a1829af76c98ca3d40a"
  version = "v1.1.0"

[[projects]]
  digest = "1:676160e6a4722b08e0e26b11521d575c2cb2b6f0c679e1ee6178c5d8dee51e5e"
  name = "go.uber.org/zap"
  packages = [
    ".",
    "buffer",
    "internal/bufferpool",
    "internal/color",
    "internal/exit",
    "zapcore",
  ]
  pruneopts = "UT"
  revision = "27376062155ad36be76b0f12cf1572a221d3a48c"
  version = "v1.10.0"

[[projects]]
  branch = "master"
  digest = "1:07c70ed7db30e61c8e28f5139a426deef24d6be14a16a679f2c38e89b1704475"
  name = "golang.org/x/net"
  packages = [
    "context",
    "http/httpguts",
    "http2",
    "http2/hpack",
    "idna",
    "internal/timeseries",
    "trace",
  ]
  pruneopts = "UT"
  revision = "7f726cade0ab7c929c16ce0b5b25bd201e25f39f"

[[projects]]
  branch = "master"
  digest = "1:1ddfda089b8a15d92242412aabc1107b8c7a87c609c09c5b441c81dbcca0ab79"
  name = "golang.org/x/sys"
  packages = ["unix"]
  pruneopts = "UT"
  revision = "a43fa875dd822b81eb6d2ad538bc1f4caba169bd"

[[projects]]
  digest = "1:8d8faad6b12a3a4c819a3f9618cb6ee1fa1cfc33253abeeea8b55336721e3405"
  name = "golang.org/x/text"
  packages = [
    "collate",
    "collate/build",
    "internal/colltab",
    "internal/gen",
    "internal/language",
    "internal/language/compact",
    "internal/tag",
    "internal/triegen",
    "internal/ucd",
    "language",
    "secure/bidirule",
    "transform",
    "unicode/bidi",
    "unicode/cldr",
    "unicode/norm",
    "unicode/rangetable",
  ]
  pruneopts = "UT"
  revision = "342b2e1fbaa52c93f31447ad2c6abc048c63e475"
  version = "v0.3.2"

[[projects]]
  branch = "master"
  digest = "1:c3076e7defee87de1236f1814beb588f40a75544c60121e6eb38b3b3721783e2"
  name = "google.golang.org/genproto"
  packages = ["googleapis/rpc/status"]
  pruneopts = "UT"
  revision = "54afdca5d873f7b529e2ce3def1a99df16feda90"

[[projects]]
  digest = "1:e288fd0f1872cc49a8bae3acd05b990a7fc766ea20895c5a01fef869d43c9c59"
  name = "google.golang.org/grpc"
  packages = [
    ".",
    "balancer",
    "balancer/base",
    "balancer/roundrobin",
    "binarylog/grpc_binarylog_v1",
    "codes",
    "connectivity",
    "credentials",
    "credentials/internal",
    "encoding",
    "encoding/proto",
    "grpclog",
    "internal",
    "internal/backoff",
    "internal/balancerload",
    "internal/binarylog",
    "internal/channelz",
    "internal/envconfig",
    "internal/grpcrand",
    "internal/grpcsync",
    "internal/syscall",
    "internal/transport",
    "keepalive",
    "metadata",
    "naming",
    "peer",
    "reflection/grpc_reflection_v1alpha",
    "resolver",
    "resolver/dns",
    "resolver/passthrough",
    "stats",
    "status",
    "tap",
    "test/grpc_testing",
  ]
  pruneopts = "UT"
  revision = "25c4f928eaa6d96443009bd842389fb4fa48664e"
  version = "v1.20.1"

[solve-meta]
  analyzer-name = "dep"
  analyzer-version = 1
  input-imports = [
    "github.com/golang/protobuf/proto",
    "github.com/golang/protobuf/ptypes/any",
    "github.com/jhump/protoreflect/desc",
    "github.com/jhump/protoreflect/dynamic",
    "github.com/jhump/protoreflect/dynamic/grpcdynamic",
    "github.com/jhump/protoreflect/grpcreflect",
    "github.com/kelseyhightower/envconfig",
    "github.com/mercari/grpc-http-proxy/errors",
    "github.com/mercari/grpc-http-proxy/metadata",
    "github.com/mercari/grpc-http-proxy/proxy/proxytest",
    "github.com/mercari/grpc-http-proxy/proxy/reflection",
    "github.com/pkg/errors",
    "go.uber.org/zap",
    "go.uber.org/zap/zapcore",
    "google.golang.org/grpc",
    "google.golang.org/grpc/codes",
    "google.golang.org/grpc/connectivity",
    "google.golang.org/grpc/metadata",
    "google.golang.org/grpc/reflection/grpc_reflection_v1alpha",
    "google.golang.org/grpc/status",
    "google.golang.org/grpc/test/grpc_testing",
  ]
  solver-name = "gps-cdcl"
  solver-version = 1
